
Microsoft Visual Studio Solution File, Format Version 12.00
# Visual Studio Version 16
VisualStudioVersion = 16.0.30114.105
MinimumVisualStudioVersion = 10.0.40219.1
Project("{FAE04EC0-301F-11D3-BF4B-00C04F79EFBC}") = "Hermes.Api", "Hermes.Api\Hermes.Api.csproj", "{A15F76C1-778E-44CC-BE75-9960AFB0973A}"
EndProject
Project("{FAE04EC0-301F-11D3-BF4B-00C04F79EFBC}") = "Hermes.Shared", "Hermes.Shared\Hermes.Shared.csproj", "{2A4FFFB7-5A09-472D-8FB5-8694CDA0F175}"
EndProject
Project("{FAE04EC0-301F-11D3-BF4B-00C04F79EFBC}") = "Hermes.EF", "Hermes.EF\Hermes.EF.csproj", "{FEF4EC61-1414-44EE-83A8-95854A97565A}"
EndProject
Project("{FAE04EC0-301F-11D3-BF4B-00C04F79EFBC}") = "Hermes.Data", "Hermes.Data\Hermes.Data.csproj", "{267A502B-000D-412A-A9C8-5C13B7FBEA66}"
EndProject
Project("{FAE04EC0-301F-11D3-BF4B-00C04F79EFBC}") = "Hermes.Features", "Hermes.Features\Hermes.Features.csproj", "{9541DA32-561C-463E-B961-94D8221470B9}"
EndProject
Global
	GlobalSection(SolutionConfigurationPlatforms) = preSolution
		Debug|Any CPU = Debug|Any CPU
		Debug|x64 = Debug|x64
		Debug|x86 = Debug|x86
		Release|Any CPU = Release|Any CPU
		Release|x64 = Release|x64
		Release|x86 = Release|x86
	EndGlobalSection
	GlobalSection(SolutionProperties) = preSolution
		HideSolutionNode = FALSE
	EndGlobalSection
	GlobalSection(ProjectConfigurationPlatforms) = postSolution
		{A15F76C1-778E-44CC-BE75-9960AFB0973A}.Debug|Any CPU.ActiveCfg = Debug|Any CPU
		{A15F76C1-778E-44CC-BE75-9960AFB0973A}.Debug|Any CPU.Build.0 = Debug|Any CPU
		{A15F76C1-778E-44CC-BE75-9960AFB0973A}.Debug|x64.ActiveCfg = Debug|Any CPU
		{A15F76C1-778E-44CC-BE75-9960AFB0973A}.Debug|x64.Build.0 = Debug|Any CPU
		{A15F76C1-778E-44CC-BE75-9960AFB0973A}.Debug|x86.ActiveCfg = Debug|Any CPU
		{A15F76C1-778E-44CC-BE75-9960AFB0973A}.Debug|x86.Build.0 = Debug|Any CPU
		{A15F76C1-778E-44CC-BE75-9960AFB0973A}.Release|Any CPU.ActiveCfg = Release|Any CPU
		{A15F76C1-778E-44CC-BE75-9960AFB0973A}.Release|Any CPU.Build.0 = Release|Any CPU
		{A15F76C1-778E-44CC-BE75-9960AFB0973A}.Release|x64.ActiveCfg = Release|Any CPU
		{A15F76C1-778E-44CC-BE75-9960AFB0973A}.Release|x64.Build.0 = Release|Any CPU
		{A15F76C1-778E-44CC-BE75-9960AFB0973A}.Release|x86.ActiveCfg = Release|Any CPU
		{A15F76C1-778E-44CC-BE75-9960AFB0973A}.Release|x86.Build.0 = Release|Any CPU
		{2A4FFFB7-5A09-472D-8FB5-8694CDA0F175}.Debug|Any CPU.ActiveCfg = Debug|Any CPU
		{2A4FFFB7-5A09-472D-8FB5-8694CDA0F175}.Debug|Any CPU.Build.0 = Debug|Any CPU
		{2A4FFFB7-5A09-472D-8FB5-8694CDA0F175}.Debug|x64.ActiveCfg = Debug|Any CPU
		{2A4FFFB7-5A09-472D-8FB5-8694CDA0F175}.Debug|x64.Build.0 = Debug|Any CPU
		{2A4FFFB7-5A09-472D-8FB5-8694CDA0F175}.Debug|x86.ActiveCfg = Debug|Any CPU
		{2A4FFFB7-5A09-472D-8FB5-8694CDA0F175}.Debug|x86.Build.0 = Debug|Any CPU
		{2A4FFFB7-5A09-472D-8FB5-8694CDA0F175}.Release|Any CPU.ActiveCfg = Release|Any CPU
		{2A4FFFB7-5A09-472D-8FB5-8694CDA0F175}.Release|Any CPU.Build.0 = Release|Any CPU
		{2A4FFFB7-5A09-472D-8FB5-8694CDA0F175}.Release|x64.ActiveCfg = Release|Any CPU
		{2A4FFFB7-5A09-472D-8FB5-8694CDA0F175}.Release|x64.Build.0 = Release|Any CPU
		{2A4FFFB7-5A09-472D-8FB5-8694CDA0F175}.Release|x86.ActiveCfg = Release|Any CPU
		{2A4FFFB7-5A09-472D-8FB5-8694CDA0F175}.Release|x86.Build.0 = Release|Any CPU
		{FEF4EC61-1414-44EE-83A8-95854A97565A}.Debug|Any CPU.ActiveCfg = Debug|Any CPU
		{FEF4EC61-1414-44EE-83A8-95854A97565A}.Debug|Any CPU.Build.0 = Debug|Any CPU
		{FEF4EC61-1414-44EE-83A8-95854A97565A}.Debug|x64.ActiveCfg = Debug|Any CPU
		{FEF4EC61-1414-44EE-83A8-95854A97565A}.Debug|x64.Build.0 = Debug|Any CPU
		{FEF4EC61-1414-44EE-83A8-95854A97565A}.Debug|x86.ActiveCfg = Debug|Any CPU
		{FEF4EC61-1414-44EE-83A8-95854A97565A}.Debug|x86.Build.0 = Debug|Any CPU
		{FEF4EC61-1414-44EE-83A8-95854A97565A}.Release|Any CPU.ActiveCfg = Release|Any CPU
		{FEF4EC61-1414-44EE-83A8-95854A97565A}.Release|Any CPU.Build.0 = Release|Any CPU
		{FEF4EC61-1414-44EE-83A8-95854A97565A}.Release|x64.ActiveCfg = Release|Any CPU
		{FEF4EC61-1414-44EE-83A8-95854A97565A}.Release|x64.Build.0 = Release|Any CPU
		{FEF4EC61-1414-44EE-83A8-95854A97565A}.Release|x86.ActiveCfg = Release|Any CPU
		{FEF4EC61-1414-44EE-83A8-95854A97565A}.Release|x86.Build.0 = Release|Any CPU
		{267A502B-000D-412A-A9C8-5C13B7FBEA66}.Debug|Any CPU.ActiveCfg = Debug|Any CPU
		{267A502B-000D-412A-A9C8-5C13B7FBEA66}.Debug|Any CPU.Build.0 = Debug|Any CPU
		{267A502B-000D-412A-A9C8-5C13B7FBEA66}.Debug|x64.ActiveCfg = Debug|Any CPU
		{267A502B-000D-412A-A9C8-5C13B7FBEA66}.Debug|x64.Build.0 = Debug|Any CPU
		{267A502B-000D-412A-A9C8-5C13B7FBEA66}.Debug|x86.ActiveCfg = Debug|Any CPU
		{267A502B-000D-412A-A9C8-5C13B7FBEA66}.Debug|x86.Build.0 = Debug|Any CPU
		{267A502B-000D-412A-A9C8-5C13B7FBEA66}.Release|Any CPU.ActiveCfg = Release|Any CPU
		{267A502B-000D-412A-A9C8-5C13B7FBEA66}.Release|Any CPU.Build.0 = Release|Any CPU
		{267A502B-000D-412A-A9C8-5C13B7FBEA66}.Release|x64.ActiveCfg = Release|Any CPU
		{267A502B-000D-412A-A9C8-5C13B7FBEA66}.Release|x64.Build.0 = Release|Any CPU
		{267A502B-000D-412A-A9C8-5C13B7FBEA66}.Release|x86.ActiveCfg = Release|Any CPU
		{267A502B-000D-412A-A9C8-5C13B7FBEA66}.Release|x86.Build.0 = Release|Any CPU
		{9541DA32-561C-463E-B961-94D8221470B9}.Debug|Any CPU.ActiveCfg = Debug|Any CPU
		{9541DA32-561C-463E-B961-94D8221470B9}.Debug|Any CPU.Build.0 = Debug|Any CPU
		{9541DA32-561C-463E-B961-94D8221470B9}.Debug|x64.ActiveCfg = Debug|Any CPU
		{9541DA32-561C-463E-B961-94D8221470B9}.Debug|x64.Build.0 = Debug|Any CPU
		{9541DA32-561C-463E-B961-94D8221470B9}.Debug|x86.ActiveCfg = Debug|Any CPU
		{9541DA32-561C-463E-B961-94D8221470B9}.Debug|x86.Build.0 = Debug|Any CPU
		{9541DA32-561C-463E-B961-94D8221470B9}.Release|Any CPU.ActiveCfg = Release|Any CPU
		{9541DA32-561C-463E-B961-94D8221470B9}.Release|Any CPU.Build.0 = Release|Any CPU
		{9541DA32-561C-463E-B961-94D8221470B9}.Release|x64.ActiveCfg = Release|Any CPU
		{9541DA32-561C-463E-B961-94D8221470B9}.Release|x64.Build.0 = Release|Any CPU
		{9541DA32-561C-463E-B961-94D8221470B9}.Release|x86.ActiveCfg = Release|Any CPU
		{9541DA32-561C-463E-B961-94D8221470B9}.Release|x86.Build.0 = Release|Any CPU
	EndGlobalSection
EndGlobal
